
Microsoft Visual Studio Solution File, Format Version 12.00
Project("{FAE04EC0-301F-11D3-BF4B-00C04F79EFBC}") = "XProtocol", "XProtocol\XProtocol.csproj", "{53D8BC92-C577-4BAA-B19D-3C408F140ED0}"
EndProject
Project("{FAE04EC0-301F-11D3-BF4B-00C04F79EFBC}") = "TCPServer", "TCPServer\TCPServer.csproj", "{AF7F420E-2E9B-4FB7-8F0B-ED747000236B}"
EndProject
Project("{FAE04EC0-301F-11D3-BF4B-00C04F79EFBC}") = "TCPClient", "TCPClient\TCPClient.csproj", "{166675FD-0ADC-441C-B0CD-CAD3FB7EA126}"
EndProject
Project("{FAE04EC0-301F-11D3-BF4B-00C04F79EFBC}") = "Test", "Test\Test.csproj", "{51F1518A-6D51-4990-88E9-C3CAB94DF214}"
EndProject
Global
	GlobalSection(SolutionConfigurationPlatforms) = preSolution
		Debug|Any CPU = Debug|Any CPU
		Release|Any CPU = Release|Any CPU
	EndGlobalSection
	GlobalSection(ProjectConfigurationPlatforms) = postSolution
		{53D8BC92-C577-4BAA-B19D-3C408F140ED0}.Debug|Any CPU.ActiveCfg = Debug|Any CPU
		{53D8BC92-C577-4BAA-B19D-3C408F140ED0}.Debug|Any CPU.Build.0 = Debug|Any CPU
		{53D8BC92-C577-4BAA-B19D-3C408F140ED0}.Release|Any CPU.ActiveCfg = Release|Any CPU
		{53D8BC92-C577-4BAA-B19D-3C408F140ED0}.Release|Any CPU.Build.0 = Release|Any CPU
		{AF7F420E-2E9B-4FB7-8F0B-ED747000236B}.Debug|Any CPU.ActiveCfg = Debug|Any CPU
		{AF7F420E-2E9B-4FB7-8F0B-ED747000236B}.Debug|Any CPU.Build.0 = Debug|Any CPU
		{AF7F420E-2E9B-4FB7-8F0B-ED747000236B}.Release|Any CPU.ActiveCfg = Release|Any CPU
		{AF7F420E-2E9B-4FB7-8F0B-ED747000236B}.Release|Any CPU.Build.0 = Release|Any CPU
		{166675FD-0ADC-441C-B0CD-CAD3FB7EA126}.Debug|Any CPU.ActiveCfg = Debug|Any CPU
		{166675FD-0ADC-441C-B0CD-CAD3FB7EA126}.Debug|Any CPU.Build.0 = Debug|Any CPU
		{166675FD-0ADC-441C-B0CD-CAD3FB7EA126}.Release|Any CPU.ActiveCfg = Release|Any CPU
		{166675FD-0ADC-441C-B0CD-CAD3FB7EA126}.Release|Any CPU.Build.0 = Release|Any CPU
		{51F1518A-6D51-4990-88E9-C3CAB94DF214}.Debug|Any CPU.ActiveCfg = Debug|Any CPU
		{51F1518A-6D51-4990-88E9-C3CAB94DF214}.Debug|Any CPU.Build.0 = Debug|Any CPU
		{51F1518A-6D51-4990-88E9-C3CAB94DF214}.Release|Any CPU.ActiveCfg = Release|Any CPU
		{51F1518A-6D51-4990-88E9-C3CAB94DF214}.Release|Any CPU.Build.0 = Release|Any CPU
	EndGlobalSection
EndGlobal
