
Microsoft Visual Studio Solution File, Format Version 12.00
# Visual Studio Version 17
VisualStudioVersion = 17.12.35506.116
MinimumVisualStudioVersion = 10.0.40219.1
Project("{FAE04EC0-301F-11D3-BF4B-00C04F79EFBC}") = "TCPClient", "TCPClient\TCPClient.csproj", "{96C4E5F1-F648-4F27-8079-812F68CF73E7}"
EndProject
Project("{FAE04EC0-301F-11D3-BF4B-00C04F79EFBC}") = "TCPServer", "TCPServer\TCPServer.csproj", "{FFD4B8AD-3D83-4634-9F36-682C5F04C0AB}"
EndProject
Project("{FAE04EC0-301F-11D3-BF4B-00C04F79EFBC}") = "Test", "Test\Test.csproj", "{AFCBCC0A-0655-4DE4-9461-D4D13E71BC81}"
EndProject
Project("{FAE04EC0-301F-11D3-BF4B-00C04F79EFBC}") = "XProtocol", "XProtocol\XProtocol.csproj", "{4B812A22-3F2B-49CD-982C-D8391E23830D}"
EndProject
Project("{FAE04EC0-301F-11D3-BF4B-00C04F79EFBC}") = "GameAndDot", "GameAndDot\GameAndDot.csproj", "{81B62DD0-A3E0-4723-9632-570B4FB65CA8}"
EndProject
Global
	GlobalSection(SolutionConfigurationPlatforms) = preSolution
		Debug|Any CPU = Debug|Any CPU
		Release|Any CPU = Release|Any CPU
	EndGlobalSection
	GlobalSection(ProjectConfigurationPlatforms) = postSolution
		{96C4E5F1-F648-4F27-8079-812F68CF73E7}.Debug|Any CPU.ActiveCfg = Debug|Any CPU
		{96C4E5F1-F648-4F27-8079-812F68CF73E7}.Debug|Any CPU.Build.0 = Debug|Any CPU
		{96C4E5F1-F648-4F27-8079-812F68CF73E7}.Release|Any CPU.ActiveCfg = Release|Any CPU
		{96C4E5F1-F648-4F27-8079-812F68CF73E7}.Release|Any CPU.Build.0 = Release|Any CPU
		{FFD4B8AD-3D83-4634-9F36-682C5F04C0AB}.Debug|Any CPU.ActiveCfg = Debug|Any CPU
		{FFD4B8AD-3D83-4634-9F36-682C5F04C0AB}.Debug|Any CPU.Build.0 = Debug|Any CPU
		{FFD4B8AD-3D83-4634-9F36-682C5F04C0AB}.Release|Any CPU.ActiveCfg = Release|Any CPU
		{FFD4B8AD-3D83-4634-9F36-682C5F04C0AB}.Release|Any CPU.Build.0 = Release|Any CPU
		{AFCBCC0A-0655-4DE4-9461-D4D13E71BC81}.Debug|Any CPU.ActiveCfg = Debug|Any CPU
		{AFCBCC0A-0655-4DE4-9461-D4D13E71BC81}.Debug|Any CPU.Build.0 = Debug|Any CPU
		{AFCBCC0A-0655-4DE4-9461-D4D13E71BC81}.Release|Any CPU.ActiveCfg = Release|Any CPU
		{AFCBCC0A-0655-4DE4-9461-D4D13E71BC81}.Release|Any CPU.Build.0 = Release|Any CPU
		{4B812A22-3F2B-49CD-982C-D8391E23830D}.Debug|Any CPU.ActiveCfg = Debug|Any CPU
		{4B812A22-3F2B-49CD-982C-D8391E23830D}.Debug|Any CPU.Build.0 = Debug|Any CPU
		{4B812A22-3F2B-49CD-982C-D8391E23830D}.Release|Any CPU.ActiveCfg = Release|Any CPU
		{4B812A22-3F2B-49CD-982C-D8391E23830D}.Release|Any CPU.Build.0 = Release|Any CPU
		{81B62DD0-A3E0-4723-9632-570B4FB65CA8}.Debug|Any CPU.ActiveCfg = Debug|Any CPU
		{81B62DD0-A3E0-4723-9632-570B4FB65CA8}.Debug|Any CPU.Build.0 = Debug|Any CPU
		{81B62DD0-A3E0-4723-9632-570B4FB65CA8}.Release|Any CPU.ActiveCfg = Release|Any CPU
		{81B62DD0-A3E0-4723-9632-570B4FB65CA8}.Release|Any CPU.Build.0 = Release|Any CPU
	EndGlobalSection
	GlobalSection(SolutionProperties) = preSolution
		HideSolutionNode = FALSE
	EndGlobalSection
EndGlobal
